
Microsoft Visual Studio Solution File, Format Version 12.00
# Visual Studio Version 17
VisualStudioVersion = 17.5.33530.505
MinimumVisualStudioVersion = 10.0.40219.1
Project("{FAE04EC0-301F-11D3-BF4B-00C04F79EFBC}") = "LeaveManagement2", "LeaveManagement2\LeaveManagement2.csproj", "{CC05F47C-8BD6-4BFC-8820-62D1167E9F0F}"
EndProject
Global
	GlobalSection(SolutionConfigurationPlatforms) = preSolution
		Debug|Any CPU = Debug|Any CPU
		Release|Any CPU = Release|Any CPU
	EndGlobalSection
	GlobalSection(ProjectConfigurationPlatforms) = postSolution
		{CC05F47C-8BD6-4BFC-8820-62D1167E9F0F}.Debug|Any CPU.ActiveCfg = Debug|Any CPU
		{CC05F47C-8BD6-4BFC-8820-62D1167E9F0F}.Debug|Any CPU.Build.0 = Debug|Any CPU
		{CC05F47C-8BD6-4BFC-8820-62D1167E9F0F}.Release|Any CPU.ActiveCfg = Release|Any CPU
		{CC05F47C-8BD6-4BFC-8820-62D1167E9F0F}.Release|Any CPU.Build.0 = Release|Any CPU
	EndGlobalSection
	GlobalSection(SolutionProperties) = preSolution
		HideSolutionNode = FALSE
	EndGlobalSection
	GlobalSection(ExtensibilityGlobals) = postSolution
		SolutionGuid = {18334F71-F5FC-437C-B67C-20A9DCC24D20}
	EndGlobalSection
EndGlobal
